// !$*UTF8*$!
{
	archiveVersion = 1;
	classes = {
	};
	objectVersion = 46;
	objects = {

/* Begin PBXBuildFile section */
		F30BD66E1BBF72DA00F8CF6C /* SegueContext.h in Headers */ = {isa = PBXBuildFile; fileRef = F30BD66D1BBF72DA00F8CF6C /* SegueContext.h */; settings = {ATTRIBUTES = (Public, ); }; };
		F30BD6721BBF72DA00F8CF6C /* SegueContext.framework in Frameworks */ = {isa = PBXBuildFile; fileRef = F30BD66B1BBF72DA00F8CF6C /* SegueContext.framework */; };
		F30BD6731BBF72DA00F8CF6C /* SegueContext.framework in Embed Frameworks */ = {isa = PBXBuildFile; fileRef = F30BD66B1BBF72DA00F8CF6C /* SegueContext.framework */; settings = {ATTRIBUTES = (CodeSignOnCopy, RemoveHeadersOnCopy, ); }; };
		F30BD67F1BBF738700F8CF6C /* SegueContext.swift in Sources */ = {isa = PBXBuildFile; fileRef = F30BD67C1BBF738700F8CF6C /* SegueContext.swift */; };
		F35399AF1B54D14800B7CB15 /* AppDelegate.swift in Sources */ = {isa = PBXBuildFile; fileRef = F35399AE1B54D14800B7CB15 /* AppDelegate.swift */; };
		F35399B11B54D14800B7CB15 /* ViewController.swift in Sources */ = {isa = PBXBuildFile; fileRef = F35399B01B54D14800B7CB15 /* ViewController.swift */; };
		F35399B41B54D14800B7CB15 /* Main.storyboard in Resources */ = {isa = PBXBuildFile; fileRef = F35399B21B54D14800B7CB15 /* Main.storyboard */; };
		F35399B61B54D14800B7CB15 /* Images.xcassets in Resources */ = {isa = PBXBuildFile; fileRef = F35399B51B54D14800B7CB15 /* Images.xcassets */; };
		F35399B91B54D14800B7CB15 /* LaunchScreen.xib in Resources */ = {isa = PBXBuildFile; fileRef = F35399B71B54D14800B7CB15 /* LaunchScreen.xib */; };
		F35399D51B54EAD200B7CB15 /* SliderViewController.swift in Sources */ = {isa = PBXBuildFile; fileRef = F35399D41B54EAD200B7CB15 /* SliderViewController.swift */; };
		F35399D71B54F0E900B7CB15 /* ListViewController.swift in Sources */ = {isa = PBXBuildFile; fileRef = F35399D61B54F0E900B7CB15 /* ListViewController.swift */; };
		F39939C31D83F7D6001FA167 /* Tests.swift in Sources */ = {isa = PBXBuildFile; fileRef = F39939C21D83F7D6001FA167 /* Tests.swift */; };
		F39939C51D83F7D6001FA167 /* SegueContext.framework in Frameworks */ = {isa = PBXBuildFile; fileRef = F30BD66B1BBF72DA00F8CF6C /* SegueContext.framework */; };
		F3D832301B773DFC00AD489C /* ChildViewController.swift in Sources */ = {isa = PBXBuildFile; fileRef = F3D8322E1B773DFC00AD489C /* ChildViewController.swift */; };
		F3D832311B773DFC00AD489C /* ParentViewController.swift in Sources */ = {isa = PBXBuildFile; fileRef = F3D8322F1B773DFC00AD489C /* ParentViewController.swift */; };
/* End PBXBuildFile section */

/* Begin PBXContainerItemProxy section */
		F30BD6701BBF72DA00F8CF6C /* PBXContainerItemProxy */ = {
			isa = PBXContainerItemProxy;
			containerPortal = F35399A11B54D14800B7CB15 /* Project object */;
			proxyType = 1;
			remoteGlobalIDString = F30BD66A1BBF72DA00F8CF6C;
			remoteInfo = SegueContext;
		};
		F39939C61D83F7D6001FA167 /* PBXContainerItemProxy */ = {
			isa = PBXContainerItemProxy;
			containerPortal = F35399A11B54D14800B7CB15 /* Project object */;
			proxyType = 1;
			remoteGlobalIDString = F30BD66A1BBF72DA00F8CF6C;
			remoteInfo = SegueContext;
		};
/* End PBXContainerItemProxy section */

/* Begin PBXCopyFilesBuildPhase section */
		F30BD6771BBF72DA00F8CF6C /* Embed Frameworks */ = {
			isa = PBXCopyFilesBuildPhase;
			buildActionMask = 2147483647;
			dstPath = "";
			dstSubfolderSpec = 10;
			files = (
				F30BD6731BBF72DA00F8CF6C /* SegueContext.framework in Embed Frameworks */,
			);
			name = "Embed Frameworks";
			runOnlyForDeploymentPostprocessing = 0;
		};
/* End PBXCopyFilesBuildPhase section */

/* Begin PBXFileReference section */
		F30BD66B1BBF72DA00F8CF6C /* SegueContext.framework */ = {isa = PBXFileReference; explicitFileType = wrapper.framework; includeInIndex = 0; path = SegueContext.framework; sourceTree = BUILT_PRODUCTS_DIR; };
		F30BD66D1BBF72DA00F8CF6C /* SegueContext.h */ = {isa = PBXFileReference; lastKnownFileType = sourcecode.c.h; path = SegueContext.h; sourceTree = "<group>"; };
		F30BD66F1BBF72DA00F8CF6C /* Info.plist */ = {isa = PBXFileReference; lastKnownFileType = text.plist.xml; path = Info.plist; sourceTree = "<group>"; };
		F30BD67C1BBF738700F8CF6C /* SegueContext.swift */ = {isa = PBXFileReference; fileEncoding = 4; lastKnownFileType = sourcecode.swift; path = SegueContext.swift; sourceTree = "<group>"; };
		F35399A91B54D14800B7CB15 /* Example.app */ = {isa = PBXFileReference; explicitFileType = wrapper.application; includeInIndex = 0; path = Example.app; sourceTree = BUILT_PRODUCTS_DIR; };
		F35399AD1B54D14800B7CB15 /* Info.plist */ = {isa = PBXFileReference; lastKnownFileType = text.plist.xml; path = Info.plist; sourceTree = "<group>"; };
		F35399AE1B54D14800B7CB15 /* AppDelegate.swift */ = {isa = PBXFileReference; lastKnownFileType = sourcecode.swift; path = AppDelegate.swift; sourceTree = "<group>"; };
		F35399B01B54D14800B7CB15 /* ViewController.swift */ = {isa = PBXFileReference; lastKnownFileType = sourcecode.swift; path = ViewController.swift; sourceTree = "<group>"; };
		F35399B31B54D14800B7CB15 /* Base */ = {isa = PBXFileReference; lastKnownFileType = file.storyboard; name = Base; path = Base.lproj/Main.storyboard; sourceTree = "<group>"; };
		F35399B51B54D14800B7CB15 /* Images.xcassets */ = {isa = PBXFileReference; lastKnownFileType = folder.assetcatalog; path = Images.xcassets; sourceTree = "<group>"; };
		F35399B81B54D14800B7CB15 /* Base */ = {isa = PBXFileReference; lastKnownFileType = file.xib; name = Base; path = Base.lproj/LaunchScreen.xib; sourceTree = "<group>"; };
		F35399D41B54EAD200B7CB15 /* SliderViewController.swift */ = {isa = PBXFileReference; fileEncoding = 4; lastKnownFileType = sourcecode.swift; path = SliderViewController.swift; sourceTree = "<group>"; };
		F35399D61B54F0E900B7CB15 /* ListViewController.swift */ = {isa = PBXFileReference; fileEncoding = 4; lastKnownFileType = sourcecode.swift; path = ListViewController.swift; sourceTree = "<group>"; };
		F39939C01D83F7D5001FA167 /* Tests.xctest */ = {isa = PBXFileReference; explicitFileType = wrapper.cfbundle; includeInIndex = 0; path = Tests.xctest; sourceTree = BUILT_PRODUCTS_DIR; };
		F39939C21D83F7D6001FA167 /* Tests.swift */ = {isa = PBXFileReference; lastKnownFileType = sourcecode.swift; path = Tests.swift; sourceTree = "<group>"; };
		F39939C41D83F7D6001FA167 /* Info.plist */ = {isa = PBXFileReference; lastKnownFileType = text.plist.xml; path = Info.plist; sourceTree = "<group>"; };
		F3D8322E1B773DFC00AD489C /* ChildViewController.swift */ = {isa = PBXFileReference; fileEncoding = 4; lastKnownFileType = sourcecode.swift; path = ChildViewController.swift; sourceTree = "<group>"; };
		F3D8322F1B773DFC00AD489C /* ParentViewController.swift */ = {isa = PBXFileReference; fileEncoding = 4; lastKnownFileType = sourcecode.swift; path = ParentViewController.swift; sourceTree = "<group>"; };
/* End PBXFileReference section */

/* Begin PBXFrameworksBuildPhase section */
		F30BD6671BBF72DA00F8CF6C /* Frameworks */ = {
			isa = PBXFrameworksBuildPhase;
			buildActionMask = 2147483647;
			files = (
			);
			runOnlyForDeploymentPostprocessing = 0;
		};
		F35399A61B54D14800B7CB15 /* Frameworks */ = {
			isa = PBXFrameworksBuildPhase;
			buildActionMask = 2147483647;
			files = (
				F30BD6721BBF72DA00F8CF6C /* SegueContext.framework in Frameworks */,
			);
			runOnlyForDeploymentPostprocessing = 0;
		};
		F39939BD1D83F7D5001FA167 /* Frameworks */ = {
			isa = PBXFrameworksBuildPhase;
			buildActionMask = 2147483647;
			files = (
				F39939C51D83F7D6001FA167 /* SegueContext.framework in Frameworks */,
			);
			runOnlyForDeploymentPostprocessing = 0;
		};
/* End PBXFrameworksBuildPhase section */

/* Begin PBXGroup section */
		F30BD66C1BBF72DA00F8CF6C /* SegueContext */ = {
			isa = PBXGroup;
			children = (
				F30BD67B1BBF738700F8CF6C /* Source */,
				F30BD66D1BBF72DA00F8CF6C /* SegueContext.h */,
				F30BD66F1BBF72DA00F8CF6C /* Info.plist */,
			);
			path = SegueContext;
			sourceTree = "<group>";
		};
		F30BD67B1BBF738700F8CF6C /* Source */ = {
			isa = PBXGroup;
			children = (
				F30BD67C1BBF738700F8CF6C /* SegueContext.swift */,
			);
			path = Source;
			sourceTree = "<group>";
		};
		F35399A01B54D14800B7CB15 = {
			isa = PBXGroup;
			children = (
				F30BD66C1BBF72DA00F8CF6C /* SegueContext */,
				F35399AB1B54D14800B7CB15 /* Example */,
				F39939C11D83F7D6001FA167 /* Tests */,
				F35399AA1B54D14800B7CB15 /* Products */,
			);
			sourceTree = "<group>";
		};
		F35399AA1B54D14800B7CB15 /* Products */ = {
			isa = PBXGroup;
			children = (
				F35399A91B54D14800B7CB15 /* Example.app */,
				F30BD66B1BBF72DA00F8CF6C /* SegueContext.framework */,
				F39939C01D83F7D5001FA167 /* Tests.xctest */,
			);
			name = Products;
			sourceTree = "<group>";
		};
		F35399AB1B54D14800B7CB15 /* Example */ = {
			isa = PBXGroup;
			children = (
				F35399AE1B54D14800B7CB15 /* AppDelegate.swift */,
				F35399B01B54D14800B7CB15 /* ViewController.swift */,
				F35399D41B54EAD200B7CB15 /* SliderViewController.swift */,
				F35399D61B54F0E900B7CB15 /* ListViewController.swift */,
				F3D8322E1B773DFC00AD489C /* ChildViewController.swift */,
				F3D8322F1B773DFC00AD489C /* ParentViewController.swift */,
				F35399B21B54D14800B7CB15 /* Main.storyboard */,
				F35399B51B54D14800B7CB15 /* Images.xcassets */,
				F35399B71B54D14800B7CB15 /* LaunchScreen.xib */,
				F35399AC1B54D14800B7CB15 /* Supporting Files */,
			);
			path = Example;
			sourceTree = "<group>";
		};
		F35399AC1B54D14800B7CB15 /* Supporting Files */ = {
			isa = PBXGroup;
			children = (
				F35399AD1B54D14800B7CB15 /* Info.plist */,
			);
			name = "Supporting Files";
			sourceTree = "<group>";
		};
		F39939C11D83F7D6001FA167 /* Tests */ = {
			isa = PBXGroup;
			children = (
				F39939C21D83F7D6001FA167 /* Tests.swift */,
				F39939C41D83F7D6001FA167 /* Info.plist */,
			);
			path = Tests;
			sourceTree = "<group>";
		};
/* End PBXGroup section */

/* Begin PBXHeadersBuildPhase section */
		F30BD6681BBF72DA00F8CF6C /* Headers */ = {
			isa = PBXHeadersBuildPhase;
			buildActionMask = 2147483647;
			files = (
				F30BD66E1BBF72DA00F8CF6C /* SegueContext.h in Headers */,
			);
			runOnlyForDeploymentPostprocessing = 0;
		};
/* End PBXHeadersBuildPhase section */

/* Begin PBXNativeTarget section */
		F30BD66A1BBF72DA00F8CF6C /* SegueContext */ = {
			isa = PBXNativeTarget;
			buildConfigurationList = F30BD6761BBF72DA00F8CF6C /* Build configuration list for PBXNativeTarget "SegueContext" */;
			buildPhases = (
				F30BD6661BBF72DA00F8CF6C /* Sources */,
				F30BD6671BBF72DA00F8CF6C /* Frameworks */,
				F30BD6681BBF72DA00F8CF6C /* Headers */,
				F30BD6691BBF72DA00F8CF6C /* Resources */,
			);
			buildRules = (
			);
			dependencies = (
			);
			name = SegueContext;
			productName = SegueContext;
			productReference = F30BD66B1BBF72DA00F8CF6C /* SegueContext.framework */;
			productType = "com.apple.product-type.framework";
		};
		F35399A81B54D14800B7CB15 /* Example */ = {
			isa = PBXNativeTarget;
			buildConfigurationList = F35399C81B54D14800B7CB15 /* Build configuration list for PBXNativeTarget "Example" */;
			buildPhases = (
				F35399A51B54D14800B7CB15 /* Sources */,
				F35399A61B54D14800B7CB15 /* Frameworks */,
				F35399A71B54D14800B7CB15 /* Resources */,
				F30BD6771BBF72DA00F8CF6C /* Embed Frameworks */,
			);
			buildRules = (
			);
			dependencies = (
				F30BD6711BBF72DA00F8CF6C /* PBXTargetDependency */,
			);
			name = Example;
			productName = SegueContext;
			productReference = F35399A91B54D14800B7CB15 /* Example.app */;
			productType = "com.apple.product-type.application";
		};
		F39939BF1D83F7D5001FA167 /* Tests */ = {
			isa = PBXNativeTarget;
			buildConfigurationList = F39939CA1D83F7D6001FA167 /* Build configuration list for PBXNativeTarget "Tests" */;
			buildPhases = (
				F39939BC1D83F7D5001FA167 /* Sources */,
				F39939BD1D83F7D5001FA167 /* Frameworks */,
				F39939BE1D83F7D5001FA167 /* Resources */,
			);
			buildRules = (
			);
			dependencies = (
				F39939C71D83F7D6001FA167 /* PBXTargetDependency */,
			);
			name = Tests;
			productName = Tests;
			productReference = F39939C01D83F7D5001FA167 /* Tests.xctest */;
			productType = "com.apple.product-type.bundle.unit-test";
		};
/* End PBXNativeTarget section */

/* Begin PBXProject section */
		F35399A11B54D14800B7CB15 /* Project object */ = {
			isa = PBXProject;
			attributes = {
				LastSwiftUpdateCheck = 0800;
				LastUpgradeCheck = 0800;
				ORGANIZATIONNAME = tokoro;
				TargetAttributes = {
					F30BD66A1BBF72DA00F8CF6C = {
						CreatedOnToolsVersion = 7.0;
						LastSwiftMigration = 0800;
					};
					F35399A81B54D14800B7CB15 = {
						CreatedOnToolsVersion = 6.3.2;
						LastSwiftMigration = 0800;
					};
					F39939BF1D83F7D5001FA167 = {
						CreatedOnToolsVersion = 8.0;
						ProvisioningStyle = Automatic;
					};
				};
			};
			buildConfigurationList = F35399A41B54D14800B7CB15 /* Build configuration list for PBXProject "SegueContext" */;
			compatibilityVersion = "Xcode 3.2";
			developmentRegion = English;
			hasScannedForEncodings = 0;
			knownRegions = (
				en,
				Base,
			);
			mainGroup = F35399A01B54D14800B7CB15;
			productRefGroup = F35399AA1B54D14800B7CB15 /* Products */;
			projectDirPath = "";
			projectRoot = "";
			targets = (
				F30BD66A1BBF72DA00F8CF6C /* SegueContext */,
				F35399A81B54D14800B7CB15 /* Example */,
				F39939BF1D83F7D5001FA167 /* Tests */,
			);
		};
/* End PBXProject section */

/* Begin PBXResourcesBuildPhase section */
		F30BD6691BBF72DA00F8CF6C /* Resources */ = {
			isa = PBXResourcesBuildPhase;
			buildActionMask = 2147483647;
			files = (
			);
			runOnlyForDeploymentPostprocessing = 0;
		};
		F35399A71B54D14800B7CB15 /* Resources */ = {
			isa = PBXResourcesBuildPhase;
			buildActionMask = 2147483647;
			files = (
				F35399B41B54D14800B7CB15 /* Main.storyboard in Resources */,
				F35399B91B54D14800B7CB15 /* LaunchScreen.xib in Resources */,
				F35399B61B54D14800B7CB15 /* Images.xcassets in Resources */,
			);
			runOnlyForDeploymentPostprocessing = 0;
		};
		F39939BE1D83F7D5001FA167 /* Resources */ = {
			isa = PBXResourcesBuildPhase;
			buildActionMask = 2147483647;
			files = (
			);
			runOnlyForDeploymentPostprocessing = 0;
		};
/* End PBXResourcesBuildPhase section */

/* Begin PBXSourcesBuildPhase section */
		F30BD6661BBF72DA00F8CF6C /* Sources */ = {
			isa = PBXSourcesBuildPhase;
			buildActionMask = 2147483647;
			files = (
				F30BD67F1BBF738700F8CF6C /* SegueContext.swift in Sources */,
			);
			runOnlyForDeploymentPostprocessing = 0;
		};
		F35399A51B54D14800B7CB15 /* Sources */ = {
			isa = PBXSourcesBuildPhase;
			buildActionMask = 2147483647;
			files = (
				F3D832301B773DFC00AD489C /* ChildViewController.swift in Sources */,
				F35399D51B54EAD200B7CB15 /* SliderViewController.swift in Sources */,
				F35399D71B54F0E900B7CB15 /* ListViewController.swift in Sources */,
				F35399B11B54D14800B7CB15 /* ViewController.swift in Sources */,
				F35399AF1B54D14800B7CB15 /* AppDelegate.swift in Sources */,
				F3D832311B773DFC00AD489C /* ParentViewController.swift in Sources */,
			);
			runOnlyForDeploymentPostprocessing = 0;
		};
		F39939BC1D83F7D5001FA167 /* Sources */ = {
			isa = PBXSourcesBuildPhase;
			buildActionMask = 2147483647;
			files = (
				F39939C31D83F7D6001FA167 /* Tests.swift in Sources */,
			);
			runOnlyForDeploymentPostprocessing = 0;
		};
/* End PBXSourcesBuildPhase section */

/* Begin PBXTargetDependency section */
		F30BD6711BBF72DA00F8CF6C /* PBXTargetDependency */ = {
			isa = PBXTargetDependency;
			target = F30BD66A1BBF72DA00F8CF6C /* SegueContext */;
			targetProxy = F30BD6701BBF72DA00F8CF6C /* PBXContainerItemProxy */;
		};
		F39939C71D83F7D6001FA167 /* PBXTargetDependency */ = {
			isa = PBXTargetDependency;
			target = F30BD66A1BBF72DA00F8CF6C /* SegueContext */;
			targetProxy = F39939C61D83F7D6001FA167 /* PBXContainerItemProxy */;
		};
/* End PBXTargetDependency section */

/* Begin PBXVariantGroup section */
		F35399B21B54D14800B7CB15 /* Main.storyboard */ = {
			isa = PBXVariantGroup;
			children = (
				F35399B31B54D14800B7CB15 /* Base */,
			);
			name = Main.storyboard;
			sourceTree = "<group>";
		};
		F35399B71B54D14800B7CB15 /* LaunchScreen.xib */ = {
			isa = PBXVariantGroup;
			children = (
				F35399B81B54D14800B7CB15 /* Base */,
			);
			name = LaunchScreen.xib;
			sourceTree = "<group>";
		};
/* End PBXVariantGroup section */

/* Begin XCBuildConfiguration section */
		F30BD6741BBF72DA00F8CF6C /* Debug */ = {
			isa = XCBuildConfiguration;
			buildSettings = {
				ALWAYS_EMBED_SWIFT_STANDARD_LIBRARIES = YES;
				CURRENT_PROJECT_VERSION = 1;
				DEBUG_INFORMATION_FORMAT = dwarf;
				DEFINES_MODULE = YES;
				DYLIB_COMPATIBILITY_VERSION = 1;
				DYLIB_CURRENT_VERSION = 1;
				DYLIB_INSTALL_NAME_BASE = "@rpath";
				ENABLE_TESTABILITY = YES;
				INFOPLIST_FILE = SegueContext/Info.plist;
				INSTALL_PATH = "$(LOCAL_LIBRARY_DIR)/Frameworks";
				IPHONEOS_DEPLOYMENT_TARGET = 8.0;
				LD_RUNPATH_SEARCH_PATHS = "$(inherited) @executable_path/Frameworks @loader_path/Frameworks";
				PRODUCT_BUNDLE_IDENTIFIER = me.tokoro.SegueContext;
				PRODUCT_NAME = "$(TARGET_NAME)";
				SKIP_INSTALL = YES;
				SWIFT_VERSION = 3.0;
				TARGETED_DEVICE_FAMILY = "1,2";
				VERSIONING_SYSTEM = "apple-generic";
				VERSION_INFO_PREFIX = "";
			};
			name = Debug;
		};
		F30BD6751BBF72DA00F8CF6C /* Release */ = {
			isa = XCBuildConfiguration;
			buildSettings = {
				ALWAYS_EMBED_SWIFT_STANDARD_LIBRARIES = YES;
				CURRENT_PROJECT_VERSION = 1;
				DEFINES_MODULE = YES;
				DYLIB_COMPATIBILITY_VERSION = 1;
				DYLIB_CURRENT_VERSION = 1;
				DYLIB_INSTALL_NAME_BASE = "@rpath";
				INFOPLIST_FILE = SegueContext/Info.plist;
				INSTALL_PATH = "$(LOCAL_LIBRARY_DIR)/Frameworks";
				IPHONEOS_DEPLOYMENT_TARGET = 8.0;
				LD_RUNPATH_SEARCH_PATHS = "$(inherited) @executable_path/Frameworks @loader_path/Frameworks";
				PRODUCT_BUNDLE_IDENTIFIER = me.tokoro.SegueContext;
				PRODUCT_NAME = "$(TARGET_NAME)";
				SKIP_INSTALL = YES;
				SWIFT_OPTIMIZATION_LEVEL = "-Owholemodule";
				SWIFT_VERSION = 3.0;
				TARGETED_DEVICE_FAMILY = "1,2";
				VERSIONING_SYSTEM = "apple-generic";
				VERSION_INFO_PREFIX = "";
			};
			name = Release;
		};
		F35399C61B54D14800B7CB15 /* Debug */ = {
			isa = XCBuildConfiguration;
			buildSettings = {
				ALWAYS_SEARCH_USER_PATHS = NO;
				CLANG_CXX_LANGUAGE_STANDARD = "gnu++0x";
				CLANG_CXX_LIBRARY = "libc++";
				CLANG_ENABLE_MODULES = YES;
				CLANG_ENABLE_OBJC_ARC = YES;
				CLANG_WARN_BOOL_CONVERSION = YES;
				CLANG_WARN_CONSTANT_CONVERSION = YES;
				CLANG_WARN_DIRECT_OBJC_ISA_USAGE = YES_ERROR;
				CLANG_WARN_EMPTY_BODY = YES;
				CLANG_WARN_ENUM_CONVERSION = YES;
				CLANG_WARN_INT_CONVERSION = YES;
				CLANG_WARN_OBJC_ROOT_CLASS = YES_ERROR;
				CLANG_WARN_UNREACHABLE_CODE = YES;
				CLANG_WARN__DUPLICATE_METHOD_MATCH = YES;
				"CODE_SIGN_IDENTITY[sdk=iphoneos*]" = "iPhone Developer";
				COPY_PHASE_STRIP = NO;
				DEBUG_INFORMATION_FORMAT = "dwarf-with-dsym";
				ENABLE_STRICT_OBJC_MSGSEND = YES;
				ENABLE_TESTABILITY = YES;
				GCC_C_LANGUAGE_STANDARD = gnu99;
				GCC_DYNAMIC_NO_PIC = NO;
				GCC_NO_COMMON_BLOCKS = YES;
				GCC_OPTIMIZATION_LEVEL = 0;
				GCC_PREPROCESSOR_DEFINITIONS = (
					"DEBUG=1",
					"$(inherited)",
				);
				GCC_SYMBOLS_PRIVATE_EXTERN = NO;
				GCC_WARN_64_TO_32_BIT_CONVERSION = YES;
				GCC_WARN_ABOUT_RETURN_TYPE = YES_ERROR;
				GCC_WARN_UNDECLARED_SELECTOR = YES;
				GCC_WARN_UNINITIALIZED_AUTOS = YES_AGGRESSIVE;
				GCC_WARN_UNUSED_FUNCTION = YES;
				GCC_WARN_UNUSED_VARIABLE = YES;
				IPHONEOS_DEPLOYMENT_TARGET = 8.3;
				MTL_ENABLE_DEBUG_INFO = YES;
				ONLY_ACTIVE_ARCH = YES;
				SDKROOT = iphoneos;
				SWIFT_OPTIMIZATION_LEVEL = "-Onone";
			};
			name = Debug;
		};
		F35399C71B54D14800B7CB15 /* Release */ = {
			isa = XCBuildConfiguration;
			buildSettings = {
				ALWAYS_SEARCH_USER_PATHS = NO;
				CLANG_CXX_LANGUAGE_STANDARD = "gnu++0x";
				CLANG_CXX_LIBRARY = "libc++";
				CLANG_ENABLE_MODULES = YES;
				CLANG_ENABLE_OBJC_ARC = YES;
				CLANG_WARN_BOOL_CONVERSION = YES;
				CLANG_WARN_CONSTANT_CONVERSION = YES;
				CLANG_WARN_DIRECT_OBJC_ISA_USAGE = YES_ERROR;
				CLANG_WARN_EMPTY_BODY = YES;
				CLANG_WARN_ENUM_CONVERSION = YES;
				CLANG_WARN_INT_CONVERSION = YES;
				CLANG_WARN_OBJC_ROOT_CLASS = YES_ERROR;
				CLANG_WARN_UNREACHABLE_CODE = YES;
				CLANG_WARN__DUPLICATE_METHOD_MATCH = YES;
				"CODE_SIGN_IDENTITY[sdk=iphoneos*]" = "iPhone Developer";
				COPY_PHASE_STRIP = NO;
				DEBUG_INFORMATION_FORMAT = "dwarf-with-dsym";
				ENABLE_NS_ASSERTIONS = NO;
				ENABLE_STRICT_OBJC_MSGSEND = YES;
				GCC_C_LANGUAGE_STANDARD = gnu99;
				GCC_NO_COMMON_BLOCKS = YES;
				GCC_WARN_64_TO_32_BIT_CONVERSION = YES;
				GCC_WARN_ABOUT_RETURN_TYPE = YES_ERROR;
				GCC_WARN_UNDECLARED_SELECTOR = YES;
				GCC_WARN_UNINITIALIZED_AUTOS = YES_AGGRESSIVE;
				GCC_WARN_UNUSED_FUNCTION = YES;
				GCC_WARN_UNUSED_VARIABLE = YES;
				IPHONEOS_DEPLOYMENT_TARGET = 8.3;
				MTL_ENABLE_DEBUG_INFO = NO;
				SDKROOT = iphoneos;
				VALIDATE_PRODUCT = YES;
			};
			name = Release;
		};
		F35399C91B54D14800B7CB15 /* Debug */ = {
			isa = XCBuildConfiguration;
			buildSettings = {
				ALWAYS_EMBED_SWIFT_STANDARD_LIBRARIES = YES;
				ASSETCATALOG_COMPILER_APPICON_NAME = AppIcon;
				INFOPLIST_FILE = Example/Info.plist;
				LD_RUNPATH_SEARCH_PATHS = "$(inherited) @executable_path/Frameworks";
				PRODUCT_BUNDLE_IDENTIFIER = "me.tokoro.$(PRODUCT_NAME:rfc1034identifier)";
				PRODUCT_NAME = "$(TARGET_NAME)";
				SWIFT_VERSION = 3.0;
			};
			name = Debug;
		};
		F35399CA1B54D14800B7CB15 /* Release */ = {
			isa = XCBuildConfiguration;
			buildSettings = {
				ALWAYS_EMBED_SWIFT_STANDARD_LIBRARIES = YES;
				ASSETCATALOG_COMPILER_APPICON_NAME = AppIcon;
				INFOPLIST_FILE = Example/Info.plist;
				LD_RUNPATH_SEARCH_PATHS = "$(inherited) @executable_path/Frameworks";
				PRODUCT_BUNDLE_IDENTIFIER = "me.tokoro.$(PRODUCT_NAME:rfc1034identifier)";
				PRODUCT_NAME = "$(TARGET_NAME)";
				SWIFT_OPTIMIZATION_LEVEL = "-Owholemodule";
				SWIFT_VERSION = 3.0;
			};
			name = Release;
		};
		F39939C81D83F7D6001FA167 /* Debug */ = {
			isa = XCBuildConfiguration;
			buildSettings = {
				CLANG_ANALYZER_NONNULL = YES;
				CLANG_WARN_DOCUMENTATION_COMMENTS = YES;
				CLANG_WARN_INFINITE_RECURSION = YES;
				CLANG_WARN_SUSPICIOUS_MOVES = YES;
				DEBUG_INFORMATION_FORMAT = dwarf;
				INFOPLIST_FILE = Tests/Info.plist;
				IPHONEOS_DEPLOYMENT_TARGET = 10.0;
				LD_RUNPATH_SEARCH_PATHS = "$(inherited) @executable_path/Frameworks @loader_path/Frameworks";
				PRODUCT_BUNDLE_IDENTIFIER = me.tokoro.Tests;
				PRODUCT_NAME = "$(TARGET_NAME)";
				SWIFT_ACTIVE_COMPILATION_CONDITIONS = DEBUG;
				SWIFT_VERSION = 3.0;
			};
			name = Debug;
		};
		F39939C91D83F7D6001FA167 /* Release */ = {
			isa = XCBuildConfiguration;
			buildSettings = {
				CLANG_ANALYZER_NONNULL = YES;
				CLANG_WARN_DOCUMENTATION_COMMENTS = YES;
				CLANG_WARN_INFINITE_RECURSION = YES;
				CLANG_WARN_SUSPICIOUS_MOVES = YES;
				INFOPLIST_FILE = Tests/Info.plist;
				IPHONEOS_DEPLOYMENT_TARGET = 10.0;
				LD_RUNPATH_SEARCH_PATHS = "$(inherited) @executable_path/Frameworks @loader_path/Frameworks";
				PRODUCT_BUNDLE_IDENTIFIER = me.tokoro.Tests;
				PRODUCT_NAME = "$(TARGET_NAME)";
				SWIFT_OPTIMIZATION_LEVEL = "-Owholemodule";
				SWIFT_VERSION = 3.0;
			};
			name = Release;
		};
/* End XCBuildConfiguration section */

/* Begin XCConfigurationList section */
		F30BD6761BBF72DA00F8CF6C /* Build configuration list for PBXNativeTarget "SegueContext" */ = {
			isa = XCConfigurationList;
			buildConfigurations = (
				F30BD6741BBF72DA00F8CF6C /* Debug */,
				F30BD6751BBF72DA00F8CF6C /* Release */,
			);
			defaultConfigurationIsVisible = 0;
			defaultConfigurationName = Release;
		};
		F35399A41B54D14800B7CB15 /* Build configuration list for PBXProject "SegueContext" */ = {
			isa = XCConfigurationList;
			buildConfigurations = (
				F35399C61B54D14800B7CB15 /* Debug */,
				F35399C71B54D14800B7CB15 /* Release */,
			);
			defaultConfigurationIsVisible = 0;
			defaultConfigurationName = Release;
		};
		F35399C81B54D14800B7CB15 /* Build configuration list for PBXNativeTarget "Example" */ = {
			isa = XCConfigurationList;
			buildConfigurations = (
				F35399C91B54D14800B7CB15 /* Debug */,
				F35399CA1B54D14800B7CB15 /* Release */,
			);
			defaultConfigurationIsVisible = 0;
			defaultConfigurationName = Release;
		};
		F39939CA1D83F7D6001FA167 /* Build configuration list for PBXNativeTarget "Tests" */ = {
			isa = XCConfigurationList;
			buildConfigurations = (
				F39939C81D83F7D6001FA167 /* Debug */,
				F39939C91D83F7D6001FA167 /* Release */,
			);
			defaultConfigurationIsVisible = 0;
		};
/* End XCConfigurationList section */
	};
	rootObject = F35399A11B54D14800B7CB15 /* Project object */;
}
